// !$*UTF8*$!
{
	archiveVersion = 1;
	classes = {
	};
	objectVersion = 56;
	objects = {

/* Begin PBXBuildFile section */
		A58FDFA529C3760000CCE76F /* instApp.swift in Sources */ = {isa = PBXBuildFile; fileRef = A58FDFA429C3760000CCE76F /* instApp.swift */; };
		A58FDFA729C3760000CCE76F /* ContentView.swift in Sources */ = {isa = PBXBuildFile; fileRef = A58FDFA629C3760000CCE76F /* ContentView.swift */; };
		A58FDFA929C3760200CCE76F /* Assets.xcassets in Resources */ = {isa = PBXBuildFile; fileRef = A58FDFA829C3760200CCE76F /* Assets.xcassets */; };
		A58FDFAD29C3760200CCE76F /* Preview Assets.xcassets in Resources */ = {isa = PBXBuildFile; fileRef = A58FDFAC29C3760200CCE76F /* Preview Assets.xcassets */; };
		A58FDFB729C3760200CCE76F /* instTests.swift in Sources */ = {isa = PBXBuildFile; fileRef = A58FDFB629C3760200CCE76F /* instTests.swift */; };
		A58FDFC129C3760200CCE76F /* instUITests.swift in Sources */ = {isa = PBXBuildFile; fileRef = A58FDFC029C3760200CCE76F /* instUITests.swift */; };
		A58FDFC329C3760200CCE76F /* instUITestsLaunchTests.swift in Sources */ = {isa = PBXBuildFile; fileRef = A58FDFC229C3760200CCE76F /* instUITestsLaunchTests.swift */; };
/* End PBXBuildFile section */

/* Begin PBXContainerItemProxy section */
		A58FDFB329C3760200CCE76F /* PBXContainerItemProxy */ = {
			isa = PBXContainerItemProxy;
			containerPortal = A58FDF9929C3760000CCE76F /* Project object */;
			proxyType = 1;
			remoteGlobalIDString = A58FDFA029C3760000CCE76F;
			remoteInfo = inst;
		};
		A58FDFBD29C3760200CCE76F /* PBXContainerItemProxy */ = {
			isa = PBXContainerItemProxy;
			containerPortal = A58FDF9929C3760000CCE76F /* Project object */;
			proxyType = 1;
			remoteGlobalIDString = A58FDFA029C3760000CCE76F;
			remoteInfo = inst;
		};
/* End PBXContainerItemProxy section */

/* Begin PBXFileReference section */
		A58FDFA129C3760000CCE76F /* inst.app */ = {isa = PBXFileReference; explicitFileType = wrapper.application; includeInIndex = 0; path = inst.app; sourceTree = BUILT_PRODUCTS_DIR; };
		A58FDFA429C3760000CCE76F /* instApp.swift */ = {isa = PBXFileReference; lastKnownFileType = sourcecode.swift; path = instApp.swift; sourceTree = "<group>"; };
		A58FDFA629C3760000CCE76F /* ContentView.swift */ = {isa = PBXFileReference; lastKnownFileType = sourcecode.swift; path = ContentView.swift; sourceTree = "<group>"; };
		A58FDFA829C3760200CCE76F /* Assets.xcassets */ = {isa = PBXFileReference; lastKnownFileType = folder.assetcatalog; path = Assets.xcassets; sourceTree = "<group>"; };
		A58FDFAA29C3760200CCE76F /* inst.entitlements */ = {isa = PBXFileReference; lastKnownFileType = text.plist.entitlements; path = inst.entitlements; sourceTree = "<group>"; };
		A58FDFAC29C3760200CCE76F /* Preview Assets.xcassets */ = {isa = PBXFileReference; lastKnownFileType = folder.assetcatalog; path = "Preview Assets.xcassets"; sourceTree = "<group>"; };
		A58FDFB229C3760200CCE76F /* instTests.xctest */ = {isa = PBXFileReference; explicitFileType = wrapper.cfbundle; includeInIndex = 0; path = instTests.xctest; sourceTree = BUILT_PRODUCTS_DIR; };
		A58FDFB629C3760200CCE76F /* instTests.swift */ = {isa = PBXFileReference; lastKnownFileType = sourcecode.swift; path = instTests.swift; sourceTree = "<group>"; };
		A58FDFBC29C3760200CCE76F /* instUITests.xctest */ = {isa = PBXFileReference; explicitFileType = wrapper.cfbundle; includeInIndex = 0; path = instUITests.xctest; sourceTree = BUILT_PRODUCTS_DIR; };
		A58FDFC029C3760200CCE76F /* instUITests.swift */ = {isa = PBXFileReference; lastKnownFileType = sourcecode.swift; path = instUITests.swift; sourceTree = "<group>"; };
		A58FDFC229C3760200CCE76F /* instUITestsLaunchTests.swift */ = {isa = PBXFileReference; lastKnownFileType = sourcecode.swift; path = instUITestsLaunchTests.swift; sourceTree = "<group>"; };
/* End PBXFileReference section */

/* Begin PBXFrameworksBuildPhase section */
		A58FDF9E29C3760000CCE76F /* Frameworks */ = {
			isa = PBXFrameworksBuildPhase;
			buildActionMask = 2147483647;
			files = (
			);
			runOnlyForDeploymentPostprocessing = 0;
		};
		A58FDFAF29C3760200CCE76F /* Frameworks */ = {
			isa = PBXFrameworksBuildPhase;
			buildActionMask = 2147483647;
			files = (
			);
			runOnlyForDeploymentPostprocessing = 0;
		};
		A58FDFB929C3760200CCE76F /* Frameworks */ = {
			isa = PBXFrameworksBuildPhase;
			buildActionMask = 2147483647;
			files = (
			);
			runOnlyForDeploymentPostprocessing = 0;
		};
/* End PBXFrameworksBuildPhase section */

/* Begin PBXGroup section */
		A58FDF9829C3760000CCE76F = {
			isa = PBXGroup;
			children = (
				A58FDFA329C3760000CCE76F /* inst */,
				A58FDFB529C3760200CCE76F /* instTests */,
				A58FDFBF29C3760200CCE76F /* instUITests */,
				A58FDFA229C3760000CCE76F /* Products */,
			);
			sourceTree = "<group>";
		};
		A58FDFA229C3760000CCE76F /* Products */ = {
			isa = PBXGroup;
			children = (
				A58FDFA129C3760000CCE76F /* inst.app */,
				A58FDFB229C3760200CCE76F /* instTests.xctest */,
				A58FDFBC29C3760200CCE76F /* instUITests.xctest */,
			);
			name = Products;
			sourceTree = "<group>";
		};
		A58FDFA329C3760000CCE76F /* inst */ = {
			isa = PBXGroup;
			children = (
				A58FDFA429C3760000CCE76F /* instApp.swift */,
				A58FDFA629C3760000CCE76F /* ContentView.swift */,
				A58FDFA829C3760200CCE76F /* Assets.xcassets */,
				A58FDFAA29C3760200CCE76F /* inst.entitlements */,
				A58FDFAB29C3760200CCE76F /* Preview Content */,
			);
			path = inst;
			sourceTree = "<group>";
		};
		A58FDFAB29C3760200CCE76F /* Preview Content */ = {
			isa = PBXGroup;
			children = (
				A58FDFAC29C3760200CCE76F /* Preview Assets.xcassets */,
			);
			path = "Preview Content";
			sourceTree = "<group>";
		};
		A58FDFB529C3760200CCE76F /* instTests */ = {
			isa = PBXGroup;
			children = (
				A58FDFB629C3760200CCE76F /* instTests.swift */,
			);
			path = instTests;
			sourceTree = "<group>";
		};
		A58FDFBF29C3760200CCE76F /* instUITests */ = {
			isa = PBXGroup;
			children = (
				A58FDFC029C3760200CCE76F /* instUITests.swift */,
				A58FDFC229C3760200CCE76F /* instUITestsLaunchTests.swift */,
			);
			path = instUITests;
			sourceTree = "<group>";
		};
/* End PBXGroup section */

/* Begin PBXNativeTarget section */
		A58FDFA029C3760000CCE76F /* inst */ = {
			isa = PBXNativeTarget;
			buildConfigurationList = A58FDFC629C3760200CCE76F /* Build configuration list for PBXNativeTarget "inst" */;
			buildPhases = (
				A58FDF9D29C3760000CCE76F /* Sources */,
				A58FDF9E29C3760000CCE76F /* Frameworks */,
				A58FDF9F29C3760000CCE76F /* Resources */,
			);
			buildRules = (
			);
			dependencies = (
			);
			name = inst;
			productName = inst;
			productReference = A58FDFA129C3760000CCE76F /* inst.app */;
			productType = "com.apple.product-type.application";
		};
		A58FDFB129C3760200CCE76F /* instTests */ = {
			isa = PBXNativeTarget;
			buildConfigurationList = A58FDFC929C3760200CCE76F /* Build configuration list for PBXNativeTarget "instTests" */;
			buildPhases = (
				A58FDFAE29C3760200CCE76F /* Sources */,
				A58FDFAF29C3760200CCE76F /* Frameworks */,
				A58FDFB029C3760200CCE76F /* Resources */,
			);
			buildRules = (
			);
			dependencies = (
				A58FDFB429C3760200CCE76F /* PBXTargetDependency */,
			);
			name = instTests;
			productName = instTests;
			productReference = A58FDFB229C3760200CCE76F /* instTests.xctest */;
			productType = "com.apple.product-type.bundle.unit-test";
		};
		A58FDFBB29C3760200CCE76F /* instUITests */ = {
			isa = PBXNativeTarget;
			buildConfigurationList = A58FDFCC29C3760200CCE76F /* Build configuration list for PBXNativeTarget "instUITests" */;
			buildPhases = (
				A58FDFB829C3760200CCE76F /* Sources */,
				A58FDFB929C3760200CCE76F /* Frameworks */,
				A58FDFBA29C3760200CCE76F /* Resources */,
			);
			buildRules = (
			);
			dependencies = (
				A58FDFBE29C3760200CCE76F /* PBXTargetDependency */,
			);
			name = instUITests;
			productName = instUITests;
			productReference = A58FDFBC29C3760200CCE76F /* instUITests.xctest */;
			productType = "com.apple.product-type.bundle.ui-testing";
		};
/* End PBXNativeTarget section */

/* Begin PBXProject section */
		A58FDF9929C3760000CCE76F /* Project object */ = {
			isa = PBXProject;
			attributes = {
				BuildIndependentTargetsInParallel = 1;
				LastSwiftUpdateCheck = 1420;
				LastUpgradeCheck = 1420;
				TargetAttributes = {
					A58FDFA029C3760000CCE76F = {
						CreatedOnToolsVersion = 14.2;
					};
					A58FDFB129C3760200CCE76F = {
						CreatedOnToolsVersion = 14.2;
						TestTargetID = A58FDFA029C3760000CCE76F;
					};
					A58FDFBB29C3760200CCE76F = {
						CreatedOnToolsVersion = 14.2;
						TestTargetID = A58FDFA029C3760000CCE76F;
					};
				};
			};
			buildConfigurationList = A58FDF9C29C3760000CCE76F /* Build configuration list for PBXProject "inst" */;
			compatibilityVersion = "Xcode 14.0";
			developmentRegion = en;
			hasScannedForEncodings = 0;
			knownRegions = (
				en,
				Base,
			);
			mainGroup = A58FDF9829C3760000CCE76F;
			productRefGroup = A58FDFA229C3760000CCE76F /* Products */;
			projectDirPath = "";
			projectRoot = "";
			targets = (
				A58FDFA029C3760000CCE76F /* inst */,
				A58FDFB129C3760200CCE76F /* instTests */,
				A58FDFBB29C3760200CCE76F /* instUITests */,
			);
		};
/* End PBXProject section */

/* Begin PBXResourcesBuildPhase section */
		A58FDF9F29C3760000CCE76F /* Resources */ = {
			isa = PBXResourcesBuildPhase;
			buildActionMask = 2147483647;
			files = (
				A58FDFAD29C3760200CCE76F /* Preview Assets.xcassets in Resources */,
				A58FDFA929C3760200CCE76F /* Assets.xcassets in Resources */,
			);
			runOnlyForDeploymentPostprocessing = 0;
		};
		A58FDFB029C3760200CCE76F /* Resources */ = {
			isa = PBXResourcesBuildPhase;
			buildActionMask = 2147483647;
			files = (
			);
			runOnlyForDeploymentPostprocessing = 0;
		};
		A58FDFBA29C3760200CCE76F /* Resources */ = {
			isa = PBXResourcesBuildPhase;
			buildActionMask = 2147483647;
			files = (
			);
			runOnlyForDeploymentPostprocessing = 0;
		};
/* End PBXResourcesBuildPhase section */

/* Begin PBXSourcesBuildPhase section */
		A58FDF9D29C3760000CCE76F /* Sources */ = {
			isa = PBXSourcesBuildPhase;
			buildActionMask = 2147483647;
			files = (
				A58FDFA729C3760000CCE76F /* ContentView.swift in Sources */,
				A58FDFA529C3760000CCE76F /* instApp.swift in Sources */,
			);
			runOnlyForDeploymentPostprocessing = 0;
		};
		A58FDFAE29C3760200CCE76F /* Sources */ = {
			isa = PBXSourcesBuildPhase;
			buildActionMask = 2147483647;
			files = (
				A58FDFB729C3760200CCE76F /* instTests.swift in Sources */,
			);
			runOnlyForDeploymentPostprocessing = 0;
		};
		A58FDFB829C3760200CCE76F /* Sources */ = {
			isa = PBXSourcesBuildPhase;
			buildActionMask = 2147483647;
			files = (
				A58FDFC329C3760200CCE76F /* instUITestsLaunchTests.swift in Sources */,
				A58FDFC129C3760200CCE76F /* instUITests.swift in Sources */,
			);
			runOnlyForDeploymentPostprocessing = 0;
		};
/* End PBXSourcesBuildPhase section */

/* Begin PBXTargetDependency section */
		A58FDFB429C3760200CCE76F /* PBXTargetDependency */ = {
			isa = PBXTargetDependency;
			target = A58FDFA029C3760000CCE76F /* inst */;
			targetProxy = A58FDFB329C3760200CCE76F /* PBXContainerItemProxy */;
		};
		A58FDFBE29C3760200CCE76F /* PBXTargetDependency */ = {
			isa = PBXTargetDependency;
			target = A58FDFA029C3760000CCE76F /* inst */;
			targetProxy = A58FDFBD29C3760200CCE76F /* PBXContainerItemProxy */;
		};
/* End PBXTargetDependency section */

/* Begin XCBuildConfiguration section */
		A58FDFC429C3760200CCE76F /* Debug */ = {
			isa = XCBuildConfiguration;
			buildSettings = {
				ALWAYS_SEARCH_USER_PATHS = NO;
				CLANG_ANALYZER_NONNULL = YES;
				CLANG_ANALYZER_NUMBER_OBJECT_CONVERSION = YES_AGGRESSIVE;
				CLANG_CXX_LANGUAGE_STANDARD = "gnu++20";
				CLANG_ENABLE_MODULES = YES;
				CLANG_ENABLE_OBJC_ARC = YES;
				CLANG_ENABLE_OBJC_WEAK = YES;
				CLANG_WARN_BLOCK_CAPTURE_AUTORELEASING = YES;
				CLANG_WARN_BOOL_CONVERSION = YES;
				CLANG_WARN_COMMA = YES;
				CLANG_WARN_CONSTANT_CONVERSION = YES;
				CLANG_WARN_DEPRECATED_OBJC_IMPLEMENTATIONS = YES;
				CLANG_WARN_DIRECT_OBJC_ISA_USAGE = YES_ERROR;
				CLANG_WARN_DOCUMENTATION_COMMENTS = YES;
				CLANG_WARN_EMPTY_BODY = YES;
				CLANG_WARN_ENUM_CONVERSION = YES;
				CLANG_WARN_INFINITE_RECURSION = YES;
				CLANG_WARN_INT_CONVERSION = YES;
				CLANG_WARN_NON_LITERAL_NULL_CONVERSION = YES;
				CLANG_WARN_OBJC_IMPLICIT_RETAIN_SELF = YES;
				CLANG_WARN_OBJC_LITERAL_CONVERSION = YES;
				CLANG_WARN_OBJC_ROOT_CLASS = YES_ERROR;
				CLANG_WARN_QUOTED_INCLUDE_IN_FRAMEWORK_HEADER = YES;
				CLANG_WARN_RANGE_LOOP_ANALYSIS = YES;
				CLANG_WARN_STRICT_PROTOTYPES = YES;
				CLANG_WARN_SUSPICIOUS_MOVE = YES;
				CLANG_WARN_UNGUARDED_AVAILABILITY = YES_AGGRESSIVE;
				CLANG_WARN_UNREACHABLE_CODE = YES;
				CLANG_WARN__DUPLICATE_METHOD_MATCH = YES;
				COPY_PHASE_STRIP = NO;
				DEBUG_INFORMATION_FORMAT = dwarf;
				ENABLE_STRICT_OBJC_MSGSEND = YES;
				ENABLE_TESTABILITY = YES;
				GCC_C_LANGUAGE_STANDARD = gnu11;
				GCC_DYNAMIC_NO_PIC = NO;
				GCC_NO_COMMON_BLOCKS = YES;
				GCC_OPTIMIZATION_LEVEL = 0;
				GCC_PREPROCESSOR_DEFINITIONS = (
					"DEBUG=1",
					"$(inherited)",
				);
				GCC_WARN_64_TO_32_BIT_CONVERSION = YES;
				GCC_WARN_ABOUT_RETURN_TYPE = YES_ERROR;
				GCC_WARN_UNDECLARED_SELECTOR = YES;
				GCC_WARN_UNINITIALIZED_AUTOS = YES_AGGRESSIVE;
				GCC_WARN_UNUSED_FUNCTION = YES;
				GCC_WARN_UNUSED_VARIABLE = YES;
				MTL_ENABLE_DEBUG_INFO = INCLUDE_SOURCE;
				MTL_FAST_MATH = YES;
				ONLY_ACTIVE_ARCH = YES;
				SWIFT_ACTIVE_COMPILATION_CONDITIONS = DEBUG;
				SWIFT_OPTIMIZATION_LEVEL = "-Onone";
			};
			name = Debug;
		};
		A58FDFC529C3760200CCE76F /* Release */ = {
			isa = XCBuildConfiguration;
			buildSettings = {
				ALWAYS_SEARCH_USER_PATHS = NO;
				CLANG_ANALYZER_NONNULL = YES;
				CLANG_ANALYZER_NUMBER_OBJECT_CONVERSION = YES_AGGRESSIVE;
				CLANG_CXX_LANGUAGE_STANDARD = "gnu++20";
				CLANG_ENABLE_MODULES = YES;
				CLANG_ENABLE_OBJC_ARC = YES;
				CLANG_ENABLE_OBJC_WEAK = YES;
				CLANG_WARN_BLOCK_CAPTURE_AUTORELEASING = YES;
				CLANG_WARN_BOOL_CONVERSION = YES;
				CLANG_WARN_COMMA = YES;
				CLANG_WARN_CONSTANT_CONVERSION = YES;
				CLANG_WARN_DEPRECATED_OBJC_IMPLEMENTATIONS = YES;
				CLANG_WARN_DIRECT_OBJC_ISA_USAGE = YES_ERROR;
				CLANG_WARN_DOCUMENTATION_COMMENTS = YES;
				CLANG_WARN_EMPTY_BODY = YES;
				CLANG_WARN_ENUM_CONVERSION = YES;
				CLANG_WARN_INFINITE_RECURSION = YES;
				CLANG_WARN_INT_CONVERSION = YES;
				CLANG_WARN_NON_LITERAL_NULL_CONVERSION = YES;
				CLANG_WARN_OBJC_IMPLICIT_RETAIN_SELF = YES;
				CLANG_WARN_OBJC_LITERAL_CONVERSION = YES;
				CLANG_WARN_OBJC_ROOT_CLASS = YES_ERROR;
				CLANG_WARN_QUOTED_INCLUDE_IN_FRAMEWORK_HEADER = YES;
				CLANG_WARN_RANGE_LOOP_ANALYSIS = YES;
				CLANG_WARN_STRICT_PROTOTYPES = YES;
				CLANG_WARN_SUSPICIOUS_MOVE = YES;
				CLANG_WARN_UNGUARDED_AVAILABILITY = YES_AGGRESSIVE;
				CLANG_WARN_UNREACHABLE_CODE = YES;
				CLANG_WARN__DUPLICATE_METHOD_MATCH = YES;
				COPY_PHASE_STRIP = NO;
				DEBUG_INFORMATION_FORMAT = "dwarf-with-dsym";
				ENABLE_NS_ASSERTIONS = NO;
				ENABLE_STRICT_OBJC_MSGSEND = YES;
				GCC_C_LANGUAGE_STANDARD = gnu11;
				GCC_NO_COMMON_BLOCKS = YES;
				GCC_WARN_64_TO_32_BIT_CONVERSION = YES;
				GCC_WARN_ABOUT_RETURN_TYPE = YES_ERROR;
				GCC_WARN_UNDECLARED_SELECTOR = YES;
				GCC_WARN_UNINITIALIZED_AUTOS = YES_AGGRESSIVE;
				GCC_WARN_UNUSED_FUNCTION = YES;
				GCC_WARN_UNUSED_VARIABLE = YES;
				MTL_ENABLE_DEBUG_INFO = NO;
				MTL_FAST_MATH = YES;
				SWIFT_COMPILATION_MODE = wholemodule;
				SWIFT_OPTIMIZATION_LEVEL = "-O";
			};
			name = Release;
		};
		A58FDFC729C3760200CCE76F /* Debug */ = {
			isa = XCBuildConfiguration;
			buildSettings = {
				ASSETCATALOG_COMPILER_APPICON_NAME = AppIcon;
				ASSETCATALOG_COMPILER_GLOBAL_ACCENT_COLOR_NAME = AccentColor;
				CODE_SIGN_ENTITLEMENTS = inst/inst.entitlements;
				CODE_SIGN_STYLE = Automatic;
				CURRENT_PROJECT_VERSION = 1;
				DEVELOPMENT_ASSET_PATHS = "\"inst/Preview Content\"";
				ENABLE_PREVIEWS = YES;
				GENERATE_INFOPLIST_FILE = YES;
				"INFOPLIST_KEY_UIApplicationSceneManifest_Generation[sdk=iphoneos*]" = YES;
				"INFOPLIST_KEY_UIApplicationSceneManifest_Generation[sdk=iphonesimulator*]" = YES;
				"INFOPLIST_KEY_UIApplicationSupportsIndirectInputEvents[sdk=iphoneos*]" = YES;
				"INFOPLIST_KEY_UIApplicationSupportsIndirectInputEvents[sdk=iphonesimulator*]" = YES;
				"INFOPLIST_KEY_UILaunchScreen_Generation[sdk=iphoneos*]" = YES;
				"INFOPLIST_KEY_UILaunchScreen_Generation[sdk=iphonesimulator*]" = YES;
				"INFOPLIST_KEY_UIStatusBarStyle[sdk=iphoneos*]" = UIStatusBarStyleDefault;
				"INFOPLIST_KEY_UIStatusBarStyle[sdk=iphonesimulator*]" = UIStatusBarStyleDefault;
				INFOPLIST_KEY_UISupportedInterfaceOrientations_iPad = "UIInterfaceOrientationPortrait UIInterfaceOrientationPortraitUpsideDown UIInterfaceOrientationLandscapeLeft UIInterfaceOrientationLandscapeRight";
				INFOPLIST_KEY_UISupportedInterfaceOrientations_iPhone = "UIInterfaceOrientationPortrait UIInterfaceOrientationLandscapeLeft UIInterfaceOrientationLandscapeRight";
				IPHONEOS_DEPLOYMENT_TARGET = 16.2;
				LD_RUNPATH_SEARCH_PATHS = "@executable_path/Frameworks";
				"LD_RUNPATH_SEARCH_PATHS[sdk=macosx*]" = "@executable_path/../Frameworks";
				MACOSX_DEPLOYMENT_TARGET = 13.0;
				MARKETING_VERSION = 1.0;
				PRODUCT_BUNDLE_IDENTIFIER = "r-native.inst";
				PRODUCT_NAME = "$(TARGET_NAME)";
				SDKROOT = auto;
				SUPPORTED_PLATFORMS = "iphoneos iphonesimulator macosx";
				SWIFT_EMIT_LOC_STRINGS = YES;
				SWIFT_VERSION = 5.0;
				TARGETED_DEVICE_FAMILY = "1,2";
			};
			name = Debug;
		};
		A58FDFC829C3760200CCE76F /* Release */ = {
			isa = XCBuildConfiguration;
			buildSettings = {
				ASSETCATALOG_COMPILER_APPICON_NAME = AppIcon;
				ASSETCATALOG_COMPILER_GLOBAL_ACCENT_COLOR_NAME = AccentColor;
				CODE_SIGN_ENTITLEMENTS = inst/inst.entitlements;
				CODE_SIGN_STYLE = Automatic;
				CURRENT_PROJECT_VERSION = 1;
				DEVELOPMENT_ASSET_PATHS = "\"inst/Preview Content\"";
				ENABLE_PREVIEWS = YES;
				GENERATE_INFOPLIST_FILE = YES;
				"INFOPLIST_KEY_UIApplicationSceneManifest_Generation[sdk=iphoneos*]" = YES;
				"INFOPLIST_KEY_UIApplicationSceneManifest_Generation[sdk=iphonesimulator*]" = YES;
				"INFOPLIST_KEY_UIApplicationSupportsIndirectInputEvents[sdk=iphoneos*]" = YES;
				"INFOPLIST_KEY_UIApplicationSupportsIndirectInputEvents[sdk=iphonesimulator*]" = YES;
				"INFOPLIST_KEY_UILaunchScreen_Generation[sdk=iphoneos*]" = YES;
				"INFOPLIST_KEY_UILaunchScreen_Generation[sdk=iphonesimulator*]" = YES;
				"INFOPLIST_KEY_UIStatusBarStyle[sdk=iphoneos*]" = UIStatusBarStyleDefault;
				"INFOPLIST_KEY_UIStatusBarStyle[sdk=iphonesimulator*]" = UIStatusBarStyleDefault;
				INFOPLIST_KEY_UISupportedInterfaceOrientations_iPad = "UIInterfaceOrientationPortrait UIInterfaceOrientationPortraitUpsideDown UIInterfaceOrientationLandscapeLeft UIInterfaceOrientationLandscapeRight";
				INFOPLIST_KEY_UISupportedInterfaceOrientations_iPhone = "UIInterfaceOrientationPortrait UIInterfaceOrientationLandscapeLeft UIInterfaceOrientationLandscapeRight";
				IPHONEOS_DEPLOYMENT_TARGET = 16.2;
				LD_RUNPATH_SEARCH_PATHS = "@executable_path/Frameworks";
				"LD_RUNPATH_SEARCH_PATHS[sdk=macosx*]" = "@executable_path/../Frameworks";
				MACOSX_DEPLOYMENT_TARGET = 13.0;
				MARKETING_VERSION = 1.0;
				PRODUCT_BUNDLE_IDENTIFIER = "r-native.inst";
				PRODUCT_NAME = "$(TARGET_NAME)";
				SDKROOT = auto;
				SUPPORTED_PLATFORMS = "iphoneos iphonesimulator macosx";
				SWIFT_EMIT_LOC_STRINGS = YES;
				SWIFT_VERSION = 5.0;
				TARGETED_DEVICE_FAMILY = "1,2";
			};
			name = Release;
		};
		A58FDFCA29C3760200CCE76F /* Debug */ = {
			isa = XCBuildConfiguration;
			buildSettings = {
				ALWAYS_EMBED_SWIFT_STANDARD_LIBRARIES = YES;
				BUNDLE_LOADER = "$(TEST_HOST)";
				CODE_SIGN_STYLE = Automatic;
				CURRENT_PROJECT_VERSION = 1;
				GENERATE_INFOPLIST_FILE = YES;
				IPHONEOS_DEPLOYMENT_TARGET = 16.2;
				MACOSX_DEPLOYMENT_TARGET = 13.0;
				MARKETING_VERSION = 1.0;
				PRODUCT_BUNDLE_IDENTIFIER = "r-native.instTests";
				PRODUCT_NAME = "$(TARGET_NAME)";
				SDKROOT = auto;
				SUPPORTED_PLATFORMS = "iphoneos iphonesimulator macosx";
				SWIFT_EMIT_LOC_STRINGS = NO;
				SWIFT_VERSION = 5.0;
				TARGETED_DEVICE_FAMILY = "1,2";
				TEST_HOST = "$(BUILT_PRODUCTS_DIR)/inst.app/$(BUNDLE_EXECUTABLE_FOLDER_PATH)/inst";
			};
			name = Debug;
		};
		A58FDFCB29C3760200CCE76F /* Release */ = {
			isa = XCBuildConfiguration;
			buildSettings = {
				ALWAYS_EMBED_SWIFT_STANDARD_LIBRARIES = YES;
				BUNDLE_LOADER = "$(TEST_HOST)";
				CODE_SIGN_STYLE = Automatic;
				CURRENT_PROJECT_VERSION = 1;
				GENERATE_INFOPLIST_FILE = YES;
				IPHONEOS_DEPLOYMENT_TARGET = 16.2;
				MACOSX_DEPLOYMENT_TARGET = 13.0;
				MARKETING_VERSION = 1.0;
				PRODUCT_BUNDLE_IDENTIFIER = "r-native.instTests";
				PRODUCT_NAME = "$(TARGET_NAME)";
				SDKROOT = auto;
				SUPPORTED_PLATFORMS = "iphoneos iphonesimulator macosx";
				SWIFT_EMIT_LOC_STRINGS = NO;
				SWIFT_VERSION = 5.0;
				TARGETED_DEVICE_FAMILY = "1,2";
				TEST_HOST = "$(BUILT_PRODUCTS_DIR)/inst.app/$(BUNDLE_EXECUTABLE_FOLDER_PATH)/inst";
			};
			name = Release;
		};
		A58FDFCD29C3760200CCE76F /* Debug */ = {
			isa = XCBuildConfiguration;
			buildSettings = {
				ALWAYS_EMBED_SWIFT_STANDARD_LIBRARIES = YES;
				CODE_SIGN_STYLE = Automatic;
				CURRENT_PROJECT_VERSION = 1;
				GENERATE_INFOPLIST_FILE = YES;
				IPHONEOS_DEPLOYMENT_TARGET = 16.2;
				MACOSX_DEPLOYMENT_TARGET = 13.0;
				MARKETING_VERSION = 1.0;
				PRODUCT_BUNDLE_IDENTIFIER = "r-native.instUITests";
				PRODUCT_NAME = "$(TARGET_NAME)";
				SDKROOT = auto;
				SUPPORTED_PLATFORMS = "iphoneos iphonesimulator macosx";
				SWIFT_EMIT_LOC_STRINGS = NO;
				SWIFT_VERSION = 5.0;
				TARGETED_DEVICE_FAMILY = "1,2";
				TEST_TARGET_NAME = inst;
			};
			name = Debug;
		};
		A58FDFCE29C3760200CCE76F /* Release */ = {
			isa = XCBuildConfiguration;
			buildSettings = {
				ALWAYS_EMBED_SWIFT_STANDARD_LIBRARIES = YES;
				CODE_SIGN_STYLE = Automatic;
				CURRENT_PROJECT_VERSION = 1;
				GENERATE_INFOPLIST_FILE = YES;
				IPHONEOS_DEPLOYMENT_TARGET = 16.2;
				MACOSX_DEPLOYMENT_TARGET = 13.0;
				MARKETING_VERSION = 1.0;
				PRODUCT_BUNDLE_IDENTIFIER = "r-native.instUITests";
				PRODUCT_NAME = "$(TARGET_NAME)";
				SDKROOT = auto;
				SUPPORTED_PLATFORMS = "iphoneos iphonesimulator macosx";
				SWIFT_EMIT_LOC_STRINGS = NO;
				SWIFT_VERSION = 5.0;
				TARGETED_DEVICE_FAMILY = "1,2";
				TEST_TARGET_NAME = inst;
			};
			name = Release;
		};
/* End XCBuildConfiguration section */

/* Begin XCConfigurationList section */
		A58FDF9C29C3760000CCE76F /* Build configuration list for PBXProject "inst" */ = {
			isa = XCConfigurationList;
			buildConfigurations = (
				A58FDFC429C3760200CCE76F /* Debug */,
				A58FDFC529C3760200CCE76F /* Release */,
			);
			defaultConfigurationIsVisible = 0;
			defaultConfigurationName = Release;
		};
		A58FDFC629C3760200CCE76F /* Build configuration list for PBXNativeTarget "inst" */ = {
			isa = XCConfigurationList;
			buildConfigurations = (
				A58FDFC729C3760200CCE76F /* Debug */,
				A58FDFC829C3760200CCE76F /* Release */,
			);
			defaultConfigurationIsVisible = 0;
			defaultConfigurationName = Release;
		};
		A58FDFC929C3760200CCE76F /* Build configuration list for PBXNativeTarget "instTests" */ = {
			isa = XCConfigurationList;
			buildConfigurations = (
				A58FDFCA29C3760200CCE76F /* Debug */,
				A58FDFCB29C3760200CCE76F /* Release */,
			);
			defaultConfigurationIsVisible = 0;
			defaultConfigurationName = Release;
		};
		A58FDFCC29C3760200CCE76F /* Build configuration list for PBXNativeTarget "instUITests" */ = {
			isa = XCConfigurationList;
			buildConfigurations = (
				A58FDFCD29C3760200CCE76F /* Debug */,
				A58FDFCE29C3760200CCE76F /* Release */,
			);
			defaultConfigurationIsVisible = 0;
			defaultConfigurationName = Release;
		};
/* End XCConfigurationList section */
	};
	rootObject = A58FDF9929C3760000CCE76F /* Project object */;
}
